// !$*UTF8*$!
{
	archiveVersion = 1;
	classes = {
	};
	objectVersion = 48;
	objects = {

/* Begin PBXBuildFile section */
		884A087B1FF4CE0000FCB7C7 /* GoogleService-Info.plist in Resources */ = {isa = PBXBuildFile; fileRef = 884A087A1FF4CE0000FCB7C7 /* GoogleService-Info.plist */; };
		884A087D1FF4CEDA00FCB7C7 /* Global.swift in Sources */ = {isa = PBXBuildFile; fileRef = 884A087C1FF4CEDA00FCB7C7 /* Global.swift */; };
		88675AD11FF3B18E004E0468 /* HomeCollectionCell.swift in Sources */ = {isa = PBXBuildFile; fileRef = 88675ACF1FF3B18E004E0468 /* HomeCollectionCell.swift */; };
		88675AD21FF3B18E004E0468 /* HomeCollectionCell.xib in Resources */ = {isa = PBXBuildFile; fileRef = 88675AD01FF3B18E004E0468 /* HomeCollectionCell.xib */; };
		88675AD51FF3B1D5004E0468 /* PlayList.swift in Sources */ = {isa = PBXBuildFile; fileRef = 88675AD41FF3B1D5004E0468 /* PlayList.swift */; };
		88675AD71FF3B289004E0468 /* Constants.swift in Sources */ = {isa = PBXBuildFile; fileRef = 88675AD61FF3B289004E0468 /* Constants.swift */; };
		8898A8AE1FF0F6390046F034 /* AppDelegate.swift in Sources */ = {isa = PBXBuildFile; fileRef = 8898A8AD1FF0F6390046F034 /* AppDelegate.swift */; };
		8898A8B31FF0F6390046F034 /* Main.storyboard in Resources */ = {isa = PBXBuildFile; fileRef = 8898A8B11FF0F6390046F034 /* Main.storyboard */; };
		8898A8B51FF0F6390046F034 /* Assets.xcassets in Resources */ = {isa = PBXBuildFile; fileRef = 8898A8B41FF0F6390046F034 /* Assets.xcassets */; };
		8898A8B81FF0F6390046F034 /* LaunchScreen.storyboard in Resources */ = {isa = PBXBuildFile; fileRef = 8898A8B61FF0F6390046F034 /* LaunchScreen.storyboard */; };
		8898A8C31FF0FAE90046F034 /* ViewDefine.swift in Sources */ = {isa = PBXBuildFile; fileRef = 8898A8C21FF0FAE90046F034 /* ViewDefine.swift */; };
		8898A8C61FF0FE8B0046F034 /* BaseVC.swift in Sources */ = {isa = PBXBuildFile; fileRef = 8898A8C51FF0FE8B0046F034 /* BaseVC.swift */; };
		8898A8C81FF0FE9D0046F034 /* MainTabBarController.swift in Sources */ = {isa = PBXBuildFile; fileRef = 8898A8C71FF0FE9D0046F034 /* MainTabBarController.swift */; };
		8898A8CB1FF0FF210046F034 /* ViewController + Ext.swift in Sources */ = {isa = PBXBuildFile; fileRef = 8898A8CA1FF0FF210046F034 /* ViewController + Ext.swift */; };
		8898A8CF1FF0FFB50046F034 /* StartVC.swift in Sources */ = {isa = PBXBuildFile; fileRef = 8898A8CE1FF0FFB50046F034 /* StartVC.swift */; };
		8898A8D11FF106220046F034 /* Home.storyboard in Resources */ = {isa = PBXBuildFile; fileRef = 8898A8D01FF106220046F034 /* Home.storyboard */; };
		8898A8D41FF1066D0046F034 /* HomeVC.swift in Sources */ = {isa = PBXBuildFile; fileRef = 8898A8D31FF1066D0046F034 /* HomeVC.swift */; };
		8898A8D61FF107280046F034 /* User.storyboard in Resources */ = {isa = PBXBuildFile; fileRef = 8898A8D51FF107280046F034 /* User.storyboard */; };
		8898A8DA1FF10A450046F034 /* HomeTableCell.swift in Sources */ = {isa = PBXBuildFile; fileRef = 8898A8D81FF10A450046F034 /* HomeTableCell.swift */; };
		8898A8DB1FF10A450046F034 /* HomeTableCell.xib in Resources */ = {isa = PBXBuildFile; fileRef = 8898A8D91FF10A450046F034 /* HomeTableCell.xib */; };
		8898A8DD1FF10ADB0046F034 /* TableView + Ext.swift in Sources */ = {isa = PBXBuildFile; fileRef = 8898A8DC1FF10ADB0046F034 /* TableView + Ext.swift */; };
		8898A8DF1FF10C8B0046F034 /* Search.storyboard in Resources */ = {isa = PBXBuildFile; fileRef = 8898A8DE1FF10C8B0046F034 /* Search.storyboard */; };
		DC7A81CA1FFAC19100350E32 /* Youtube.swift in Sources */ = {isa = PBXBuildFile; fileRef = DC7A81C91FFAC19100350E32 /* Youtube.swift */; };
		E48980DA425372DE0EEC997E /* Pods_YoutubeVideo.framework in Frameworks */ = {isa = PBXBuildFile; fileRef = FA448A49D62E051178BF882E /* Pods_YoutubeVideo.framework */; };
/* End PBXBuildFile section */

/* Begin PBXFileReference section */
		3AED6C4FD596D641706A41BE /* Pods-YoutubeVideo.release.xcconfig */ = {isa = PBXFileReference; includeInIndex = 1; lastKnownFileType = text.xcconfig; name = "Pods-YoutubeVideo.release.xcconfig"; path = "Pods/Target Support Files/Pods-YoutubeVideo/Pods-YoutubeVideo.release.xcconfig"; sourceTree = "<group>"; };
		52BE67A7F3EF5AB641E999E8 /* Pods-YoutubeVideo.debug.xcconfig */ = {isa = PBXFileReference; includeInIndex = 1; lastKnownFileType = text.xcconfig; name = "Pods-YoutubeVideo.debug.xcconfig"; path = "Pods/Target Support Files/Pods-YoutubeVideo/Pods-YoutubeVideo.debug.xcconfig"; sourceTree = "<group>"; };
		884A087A1FF4CE0000FCB7C7 /* GoogleService-Info.plist */ = {isa = PBXFileReference; fileEncoding = 4; lastKnownFileType = text.plist.xml; path = "GoogleService-Info.plist"; sourceTree = "<group>"; };
		884A087C1FF4CEDA00FCB7C7 /* Global.swift */ = {isa = PBXFileReference; lastKnownFileType = sourcecode.swift; path = Global.swift; sourceTree = "<group>"; };
		88675ACF1FF3B18E004E0468 /* HomeCollectionCell.swift */ = {isa = PBXFileReference; lastKnownFileType = sourcecode.swift; path = HomeCollectionCell.swift; sourceTree = "<group>"; };
		88675AD01FF3B18E004E0468 /* HomeCollectionCell.xib */ = {isa = PBXFileReference; lastKnownFileType = file.xib; path = HomeCollectionCell.xib; sourceTree = "<group>"; };
		88675AD41FF3B1D5004E0468 /* PlayList.swift */ = {isa = PBXFileReference; lastKnownFileType = sourcecode.swift; path = PlayList.swift; sourceTree = "<group>"; };
		88675AD61FF3B289004E0468 /* Constants.swift */ = {isa = PBXFileReference; lastKnownFileType = sourcecode.swift; path = Constants.swift; sourceTree = "<group>"; };
		8898A8AA1FF0F6390046F034 /* YoutubeVideo.app */ = {isa = PBXFileReference; explicitFileType = wrapper.application; includeInIndex = 0; path = YoutubeVideo.app; sourceTree = BUILT_PRODUCTS_DIR; };
		8898A8AD1FF0F6390046F034 /* AppDelegate.swift */ = {isa = PBXFileReference; lastKnownFileType = sourcecode.swift; path = AppDelegate.swift; sourceTree = "<group>"; };
		8898A8B21FF0F6390046F034 /* Base */ = {isa = PBXFileReference; lastKnownFileType = file.storyboard; name = Base; path = Base.lproj/Main.storyboard; sourceTree = "<group>"; };
		8898A8B41FF0F6390046F034 /* Assets.xcassets */ = {isa = PBXFileReference; lastKnownFileType = folder.assetcatalog; path = Assets.xcassets; sourceTree = "<group>"; };
		8898A8B71FF0F6390046F034 /* Base */ = {isa = PBXFileReference; lastKnownFileType = file.storyboard; name = Base; path = Base.lproj/LaunchScreen.storyboard; sourceTree = "<group>"; };
		8898A8B91FF0F6390046F034 /* Info.plist */ = {isa = PBXFileReference; lastKnownFileType = text.plist.xml; path = Info.plist; sourceTree = "<group>"; };
		8898A8C21FF0FAE90046F034 /* ViewDefine.swift */ = {isa = PBXFileReference; lastKnownFileType = sourcecode.swift; path = ViewDefine.swift; sourceTree = "<group>"; };
		8898A8C51FF0FE8B0046F034 /* BaseVC.swift */ = {isa = PBXFileReference; lastKnownFileType = sourcecode.swift; path = BaseVC.swift; sourceTree = "<group>"; };
		8898A8C71FF0FE9D0046F034 /* MainTabBarController.swift */ = {isa = PBXFileReference; lastKnownFileType = sourcecode.swift; path = MainTabBarController.swift; sourceTree = "<group>"; };
		8898A8CA1FF0FF210046F034 /* ViewController + Ext.swift */ = {isa = PBXFileReference; lastKnownFileType = sourcecode.swift; path = "ViewController + Ext.swift"; sourceTree = "<group>"; };
		8898A8CE1FF0FFB50046F034 /* StartVC.swift */ = {isa = PBXFileReference; lastKnownFileType = sourcecode.swift; path = StartVC.swift; sourceTree = "<group>"; };
		8898A8D01FF106220046F034 /* Home.storyboard */ = {isa = PBXFileReference; lastKnownFileType = file.storyboard; path = Home.storyboard; sourceTree = "<group>"; };
		8898A8D31FF1066D0046F034 /* HomeVC.swift */ = {isa = PBXFileReference; lastKnownFileType = sourcecode.swift; path = HomeVC.swift; sourceTree = "<group>"; };
		8898A8D51FF107280046F034 /* User.storyboard */ = {isa = PBXFileReference; lastKnownFileType = file.storyboard; path = User.storyboard; sourceTree = "<group>"; };
		8898A8D81FF10A450046F034 /* HomeTableCell.swift */ = {isa = PBXFileReference; lastKnownFileType = sourcecode.swift; path = HomeTableCell.swift; sourceTree = "<group>"; };
		8898A8D91FF10A450046F034 /* HomeTableCell.xib */ = {isa = PBXFileReference; lastKnownFileType = file.xib; path = HomeTableCell.xib; sourceTree = "<group>"; };
		8898A8DC1FF10ADB0046F034 /* TableView + Ext.swift */ = {isa = PBXFileReference; lastKnownFileType = sourcecode.swift; path = "TableView + Ext.swift"; sourceTree = "<group>"; };
		8898A8DE1FF10C8B0046F034 /* Search.storyboard */ = {isa = PBXFileReference; lastKnownFileType = file.storyboard; path = Search.storyboard; sourceTree = "<group>"; };
		DC7A81C91FFAC19100350E32 /* Youtube.swift */ = {isa = PBXFileReference; fileEncoding = 4; lastKnownFileType = sourcecode.swift; path = Youtube.swift; sourceTree = "<group>"; };
		FA448A49D62E051178BF882E /* Pods_YoutubeVideo.framework */ = {isa = PBXFileReference; explicitFileType = wrapper.framework; includeInIndex = 0; path = Pods_YoutubeVideo.framework; sourceTree = BUILT_PRODUCTS_DIR; };
/* End PBXFileReference section */

/* Begin PBXFrameworksBuildPhase section */
		8898A8A71FF0F6390046F034 /* Frameworks */ = {
			isa = PBXFrameworksBuildPhase;
			buildActionMask = 2147483647;
			files = (
				E48980DA425372DE0EEC997E /* Pods_YoutubeVideo.framework in Frameworks */,
			);
			runOnlyForDeploymentPostprocessing = 0;
		};
/* End PBXFrameworksBuildPhase section */

/* Begin PBXGroup section */
		56D7D8D62A066482FD7D0552 /* Frameworks */ = {
			isa = PBXGroup;
			children = (
				FA448A49D62E051178BF882E /* Pods_YoutubeVideo.framework */,
			);
			name = Frameworks;
			sourceTree = "<group>";
		};
		88675AD31FF3B1C2004E0468 /* Model */ = {
			isa = PBXGroup;
			children = (
				DC7A81C91FFAC19100350E32 /* Youtube.swift */,
				88675AD41FF3B1D5004E0468 /* PlayList.swift */,
			);
			path = Model;
			sourceTree = "<group>";
		};
		8898A8A11FF0F6390046F034 = {
			isa = PBXGroup;
			children = (
				8898A8AC1FF0F6390046F034 /* YoutubeVideo */,
				8898A8AB1FF0F6390046F034 /* Products */,
				97CB1276608A11B9B8C040FD /* Pods */,
				56D7D8D62A066482FD7D0552 /* Frameworks */,
			);
			sourceTree = "<group>";
		};
		8898A8AB1FF0F6390046F034 /* Products */ = {
			isa = PBXGroup;
			children = (
				8898A8AA1FF0F6390046F034 /* YoutubeVideo.app */,
			);
			name = Products;
			sourceTree = "<group>";
		};
		8898A8AC1FF0F6390046F034 /* YoutubeVideo */ = {
			isa = PBXGroup;
			children = (
				8898A8BF1FF0FACF0046F034 /* Sources */,
				8898A8B41FF0F6390046F034 /* Assets.xcassets */,
				8898A8B61FF0F6390046F034 /* LaunchScreen.storyboard */,
				884A087A1FF4CE0000FCB7C7 /* GoogleService-Info.plist */,
				8898A8B91FF0F6390046F034 /* Info.plist */,
			);
			path = YoutubeVideo;
			sourceTree = "<group>";
		};
		8898A8BF1FF0FACF0046F034 /* Sources */ = {
			isa = PBXGroup;
			children = (
				8898A8C01FF0FAD80046F034 /* Helpers */,
				88675AD31FF3B1C2004E0468 /* Model */,
				8898A8CC1FF0FF590046F034 /* View */,
				8898A8C41FF0FE660046F034 /* Controllers */,
				88675AD61FF3B289004E0468 /* Constants.swift */,
				8898A8AD1FF0F6390046F034 /* AppDelegate.swift */,
				884A087C1FF4CEDA00FCB7C7 /* Global.swift */,
			);
			path = Sources;
			sourceTree = "<group>";
		};
		8898A8C01FF0FAD80046F034 /* Helpers */ = {
			isa = PBXGroup;
			children = (
				8898A8C91FF0FF0E0046F034 /* Extensions */,
				8898A8C11FF0FADD0046F034 /* Define */,
			);
			path = Helpers;
			sourceTree = "<group>";
		};
		8898A8C11FF0FADD0046F034 /* Define */ = {
			isa = PBXGroup;
			children = (
				8898A8C21FF0FAE90046F034 /* ViewDefine.swift */,
			);
			path = Define;
			sourceTree = "<group>";
		};
		8898A8C41FF0FE660046F034 /* Controllers */ = {
			isa = PBXGroup;
			children = (
				8898A8C51FF0FE8B0046F034 /* BaseVC.swift */,
				8898A8C71FF0FE9D0046F034 /* MainTabBarController.swift */,
				8898A8CE1FF0FFB50046F034 /* StartVC.swift */,
				8898A8D21FF106500046F034 /* Home */,
			);
			path = Controllers;
			sourceTree = "<group>";
		};
		8898A8C91FF0FF0E0046F034 /* Extensions */ = {
			isa = PBXGroup;
			children = (
				8898A8CA1FF0FF210046F034 /* ViewController + Ext.swift */,
				8898A8DC1FF10ADB0046F034 /* TableView + Ext.swift */,
			);
			path = Extensions;
			sourceTree = "<group>";
		};
		8898A8CC1FF0FF590046F034 /* View */ = {
			isa = PBXGroup;
			children = (
				8898A8D71FF10A050046F034 /* Home */,
				8898A8CD1FF0FF600046F034 /* Storyboard */,
			);
			path = View;
			sourceTree = "<group>";
		};
		8898A8CD1FF0FF600046F034 /* Storyboard */ = {
			isa = PBXGroup;
			children = (
				8898A8B11FF0F6390046F034 /* Main.storyboard */,
				8898A8D01FF106220046F034 /* Home.storyboard */,
				8898A8D51FF107280046F034 /* User.storyboard */,
				8898A8DE1FF10C8B0046F034 /* Search.storyboard */,
			);
			path = Storyboard;
			sourceTree = "<group>";
		};
		8898A8D21FF106500046F034 /* Home */ = {
			isa = PBXGroup;
			children = (
				8898A8D31FF1066D0046F034 /* HomeVC.swift */,
			);
			path = Home;
			sourceTree = "<group>";
		};
		8898A8D71FF10A050046F034 /* Home */ = {
			isa = PBXGroup;
			children = (
				8898A8D81FF10A450046F034 /* HomeTableCell.swift */,
				8898A8D91FF10A450046F034 /* HomeTableCell.xib */,
				88675ACF1FF3B18E004E0468 /* HomeCollectionCell.swift */,
				88675AD01FF3B18E004E0468 /* HomeCollectionCell.xib */,
			);
			path = Home;
			sourceTree = "<group>";
		};
		97CB1276608A11B9B8C040FD /* Pods */ = {
			isa = PBXGroup;
			children = (
				52BE67A7F3EF5AB641E999E8 /* Pods-YoutubeVideo.debug.xcconfig */,
				3AED6C4FD596D641706A41BE /* Pods-YoutubeVideo.release.xcconfig */,
			);
			name = Pods;
			sourceTree = "<group>";
		};
/* End PBXGroup section */

/* Begin PBXNativeTarget section */
		8898A8A91FF0F6390046F034 /* YoutubeVideo */ = {
			isa = PBXNativeTarget;
			buildConfigurationList = 8898A8BC1FF0F6390046F034 /* Build configuration list for PBXNativeTarget "YoutubeVideo" */;
			buildPhases = (
				938047515063D3BE4B02D1FE /* [CP] Check Pods Manifest.lock */,
				8898A8A61FF0F6390046F034 /* Sources */,
				8898A8A71FF0F6390046F034 /* Frameworks */,
				8898A8A81FF0F6390046F034 /* Resources */,
				B09062E18AF384BA64A63EFF /* [CP] Embed Pods Frameworks */,
				06299D5947F04A43345C5AB8 /* [CP] Copy Pods Resources */,
			);
			buildRules = (
			);
			dependencies = (
			);
			name = YoutubeVideo;
			productName = YoutubeVideo;
			productReference = 8898A8AA1FF0F6390046F034 /* YoutubeVideo.app */;
			productType = "com.apple.product-type.application";
		};
/* End PBXNativeTarget section */

/* Begin PBXProject section */
		8898A8A21FF0F6390046F034 /* Project object */ = {
			isa = PBXProject;
			attributes = {
				LastSwiftUpdateCheck = 0920;
				LastUpgradeCheck = 0920;
				ORGANIZATIONNAME = "Lac Tuan";
				TargetAttributes = {
					8898A8A91FF0F6390046F034 = {
						CreatedOnToolsVersion = 9.2;
						ProvisioningStyle = Automatic;
					};
				};
			};
			buildConfigurationList = 8898A8A51FF0F6390046F034 /* Build configuration list for PBXProject "YoutubeVideo" */;
			compatibilityVersion = "Xcode 8.0";
			developmentRegion = en;
			hasScannedForEncodings = 0;
			knownRegions = (
				en,
				Base,
			);
			mainGroup = 8898A8A11FF0F6390046F034;
			productRefGroup = 8898A8AB1FF0F6390046F034 /* Products */;
			projectDirPath = "";
			projectRoot = "";
			targets = (
				8898A8A91FF0F6390046F034 /* YoutubeVideo */,
			);
		};
/* End PBXProject section */

/* Begin PBXResourcesBuildPhase section */
		8898A8A81FF0F6390046F034 /* Resources */ = {
			isa = PBXResourcesBuildPhase;
			buildActionMask = 2147483647;
			files = (
				8898A8B81FF0F6390046F034 /* LaunchScreen.storyboard in Resources */,
				8898A8D61FF107280046F034 /* User.storyboard in Resources */,
				884A087B1FF4CE0000FCB7C7 /* GoogleService-Info.plist in Resources */,
				8898A8B51FF0F6390046F034 /* Assets.xcassets in Resources */,
				8898A8B31FF0F6390046F034 /* Main.storyboard in Resources */,
				88675AD21FF3B18E004E0468 /* HomeCollectionCell.xib in Resources */,
				8898A8DF1FF10C8B0046F034 /* Search.storyboard in Resources */,
				8898A8D11FF106220046F034 /* Home.storyboard in Resources */,
				8898A8DB1FF10A450046F034 /* HomeTableCell.xib in Resources */,
			);
			runOnlyForDeploymentPostprocessing = 0;
		};
/* End PBXResourcesBuildPhase section */

/* Begin PBXShellScriptBuildPhase section */
		06299D5947F04A43345C5AB8 /* [CP] Copy Pods Resources */ = {
			isa = PBXShellScriptBuildPhase;
			buildActionMask = 2147483647;
			files = (
			);
			inputPaths = (
			);
			name = "[CP] Copy Pods Resources";
			outputPaths = (
			);
			runOnlyForDeploymentPostprocessing = 0;
			shellPath = /bin/sh;
			shellScript = "\"${SRCROOT}/Pods/Target Support Files/Pods-YoutubeVideo/Pods-YoutubeVideo-resources.sh\"\n";
			showEnvVarsInLog = 0;
		};
		938047515063D3BE4B02D1FE /* [CP] Check Pods Manifest.lock */ = {
			isa = PBXShellScriptBuildPhase;
			buildActionMask = 2147483647;
			files = (
			);
			inputPaths = (
				"${PODS_PODFILE_DIR_PATH}/Podfile.lock",
				"${PODS_ROOT}/Manifest.lock",
			);
			name = "[CP] Check Pods Manifest.lock";
			outputPaths = (
				"$(DERIVED_FILE_DIR)/Pods-YoutubeVideo-checkManifestLockResult.txt",
			);
			runOnlyForDeploymentPostprocessing = 0;
			shellPath = /bin/sh;
			shellScript = "diff \"${PODS_PODFILE_DIR_PATH}/Podfile.lock\" \"${PODS_ROOT}/Manifest.lock\" > /dev/null\nif [ $? != 0 ] ; then\n    # print error to STDERR\n    echo \"error: The sandbox is not in sync with the Podfile.lock. Run 'pod install' or update your CocoaPods installation.\" >&2\n    exit 1\nfi\n# This output is used by Xcode 'outputs' to avoid re-running this script phase.\necho \"SUCCESS\" > \"${SCRIPT_OUTPUT_FILE_0}\"\n";
			showEnvVarsInLog = 0;
		};
		B09062E18AF384BA64A63EFF /* [CP] Embed Pods Frameworks */ = {
			isa = PBXShellScriptBuildPhase;
			buildActionMask = 2147483647;
			files = (
			);
			inputPaths = (
				"${SRCROOT}/Pods/Target Support Files/Pods-YoutubeVideo/Pods-YoutubeVideo-frameworks.sh",
				"${BUILT_PRODUCTS_DIR}/Alamofire/Alamofire.framework",
				"${BUILT_PRODUCTS_DIR}/AlamofireObjectMapper/AlamofireObjectMapper.framework",
				"${BUILT_PRODUCTS_DIR}/GoogleToolboxForMac/GoogleToolboxForMac.framework",
				"${BUILT_PRODUCTS_DIR}/Kingfisher/Kingfisher.framework",
				"${BUILT_PRODUCTS_DIR}/ObjectMapper/ObjectMapper.framework",
				"${BUILT_PRODUCTS_DIR}/PKHUD/PKHUD.framework",
				"${BUILT_PRODUCTS_DIR}/Protobuf/Protobuf.framework",
				"${BUILT_PRODUCTS_DIR}/nanopb/nanopb.framework",
			);
			name = "[CP] Embed Pods Frameworks";
			outputPaths = (
				"${TARGET_BUILD_DIR}/${FRAMEWORKS_FOLDER_PATH}/Alamofire.framework",
				"${TARGET_BUILD_DIR}/${FRAMEWORKS_FOLDER_PATH}/AlamofireObjectMapper.framework",
				"${TARGET_BUILD_DIR}/${FRAMEWORKS_FOLDER_PATH}/GoogleToolboxForMac.framework",
				"${TARGET_BUILD_DIR}/${FRAMEWORKS_FOLDER_PATH}/Kingfisher.framework",
				"${TARGET_BUILD_DIR}/${FRAMEWORKS_FOLDER_PATH}/ObjectMapper.framework",
				"${TARGET_BUILD_DIR}/${FRAMEWORKS_FOLDER_PATH}/PKHUD.framework",
				"${TARGET_BUILD_DIR}/${FRAMEWORKS_FOLDER_PATH}/Protobuf.framework",
				"${TARGET_BUILD_DIR}/${FRAMEWORKS_FOLDER_PATH}/nanopb.framework",
			);
			runOnlyForDeploymentPostprocessing = 0;
			shellPath = /bin/sh;
			shellScript = "\"${SRCROOT}/Pods/Target Support Files/Pods-YoutubeVideo/Pods-YoutubeVideo-frameworks.sh\"\n";
			showEnvVarsInLog = 0;
		};
/* End PBXShellScriptBuildPhase section */

/* Begin PBXSourcesBuildPhase section */
		8898A8A61FF0F6390046F034 /* Sources */ = {
			isa = PBXSourcesBuildPhase;
			buildActionMask = 2147483647;
			files = (
				88675AD11FF3B18E004E0468 /* HomeCollectionCell.swift in Sources */,
				8898A8C81FF0FE9D0046F034 /* MainTabBarController.swift in Sources */,
				88675AD51FF3B1D5004E0468 /* PlayList.swift in Sources */,
				8898A8DD1FF10ADB0046F034 /* TableView + Ext.swift in Sources */,
				8898A8D41FF1066D0046F034 /* HomeVC.swift in Sources */,
				884A087D1FF4CEDA00FCB7C7 /* Global.swift in Sources */,
				8898A8C31FF0FAE90046F034 /* ViewDefine.swift in Sources */,
				8898A8CB1FF0FF210046F034 /* ViewController + Ext.swift in Sources */,
				8898A8CF1FF0FFB50046F034 /* StartVC.swift in Sources */,
				8898A8DA1FF10A450046F034 /* HomeTableCell.swift in Sources */,
				8898A8AE1FF0F6390046F034 /* AppDelegate.swift in Sources */,
				DC7A81CA1FFAC19100350E32 /* Youtube.swift in Sources */,
				8898A8C61FF0FE8B0046F034 /* BaseVC.swift in Sources */,
				88675AD71FF3B289004E0468 /* Constants.swift in Sources */,
			);
			runOnlyForDeploymentPostprocessing = 0;
		};
/* End PBXSourcesBuildPhase section */

/* Begin PBXVariantGroup section */
		8898A8B11FF0F6390046F034 /* Main.storyboard */ = {
			isa = PBXVariantGroup;
			children = (
				8898A8B21FF0F6390046F034 /* Base */,
			);
			name = Main.storyboard;
			sourceTree = "<group>";
		};
		8898A8B61FF0F6390046F034 /* LaunchScreen.storyboard */ = {
			isa = PBXVariantGroup;
			children = (
				8898A8B71FF0F6390046F034 /* Base */,
			);
			name = LaunchScreen.storyboard;
			sourceTree = "<group>";
		};
/* End PBXVariantGroup section */

/* Begin XCBuildConfiguration section */
		8898A8BA1FF0F6390046F034 /* Debug */ = {
			isa = XCBuildConfiguration;
			buildSettings = {
				ALWAYS_SEARCH_USER_PATHS = NO;
				CLANG_ANALYZER_NONNULL = YES;
				CLANG_ANALYZER_NUMBER_OBJECT_CONVERSION = YES_AGGRESSIVE;
				CLANG_CXX_LANGUAGE_STANDARD = "gnu++14";
				CLANG_CXX_LIBRARY = "libc++";
				CLANG_ENABLE_MODULES = YES;
				CLANG_ENABLE_OBJC_ARC = YES;
				CLANG_WARN_BLOCK_CAPTURE_AUTORELEASING = YES;
				CLANG_WARN_BOOL_CONVERSION = YES;
				CLANG_WARN_COMMA = YES;
				CLANG_WARN_CONSTANT_CONVERSION = YES;
				CLANG_WARN_DIRECT_OBJC_ISA_USAGE = YES_ERROR;
				CLANG_WARN_DOCUMENTATION_COMMENTS = YES;
				CLANG_WARN_EMPTY_BODY = YES;
				CLANG_WARN_ENUM_CONVERSION = YES;
				CLANG_WARN_INFINITE_RECURSION = YES;
				CLANG_WARN_INT_CONVERSION = YES;
				CLANG_WARN_NON_LITERAL_NULL_CONVERSION = YES;
				CLANG_WARN_OBJC_LITERAL_CONVERSION = YES;
				CLANG_WARN_OBJC_ROOT_CLASS = YES_ERROR;
				CLANG_WARN_RANGE_LOOP_ANALYSIS = YES;
				CLANG_WARN_STRICT_PROTOTYPES = YES;
				CLANG_WARN_SUSPICIOUS_MOVE = YES;
				CLANG_WARN_UNGUARDED_AVAILABILITY = YES_AGGRESSIVE;
				CLANG_WARN_UNREACHABLE_CODE = YES;
				CLANG_WARN__DUPLICATE_METHOD_MATCH = YES;
				CODE_SIGN_IDENTITY = "iPhone Developer";
				COPY_PHASE_STRIP = NO;
				DEBUG_INFORMATION_FORMAT = dwarf;
				ENABLE_STRICT_OBJC_MSGSEND = YES;
				ENABLE_TESTABILITY = YES;
				GCC_C_LANGUAGE_STANDARD = gnu11;
				GCC_DYNAMIC_NO_PIC = NO;
				GCC_NO_COMMON_BLOCKS = YES;
				GCC_OPTIMIZATION_LEVEL = 0;
				GCC_PREPROCESSOR_DEFINITIONS = (
					"DEBUG=1",
					"$(inherited)",
				);
				GCC_WARN_64_TO_32_BIT_CONVERSION = YES;
				GCC_WARN_ABOUT_RETURN_TYPE = YES_ERROR;
				GCC_WARN_UNDECLARED_SELECTOR = YES;
				GCC_WARN_UNINITIALIZED_AUTOS = YES_AGGRESSIVE;
				GCC_WARN_UNUSED_FUNCTION = YES;
				GCC_WARN_UNUSED_VARIABLE = YES;
				IPHONEOS_DEPLOYMENT_TARGET = 11.2;
				MTL_ENABLE_DEBUG_INFO = YES;
				ONLY_ACTIVE_ARCH = YES;
				SDKROOT = iphoneos;
				SWIFT_ACTIVE_COMPILATION_CONDITIONS = DEBUG;
				SWIFT_OPTIMIZATION_LEVEL = "-Onone";
			};
			name = Debug;
		};
		8898A8BB1FF0F6390046F034 /* Release */ = {
			isa = XCBuildConfiguration;
			buildSettings = {
				ALWAYS_SEARCH_USER_PATHS = NO;
				CLANG_ANALYZER_NONNULL = YES;
				CLANG_ANALYZER_NUMBER_OBJECT_CONVERSION = YES_AGGRESSIVE;
				CLANG_CXX_LANGUAGE_STANDARD = "gnu++14";
				CLANG_CXX_LIBRARY = "libc++";
				CLANG_ENABLE_MODULES = YES;
				CLANG_ENABLE_OBJC_ARC = YES;
				CLANG_WARN_BLOCK_CAPTURE_AUTORELEASING = YES;
				CLANG_WARN_BOOL_CONVERSION = YES;
				CLANG_WARN_COMMA = YES;
				CLANG_WARN_CONSTANT_CONVERSION = YES;
				CLANG_WARN_DIRECT_OBJC_ISA_USAGE = YES_ERROR;
				CLANG_WARN_DOCUMENTATION_COMMENTS = YES;
				CLANG_WARN_EMPTY_BODY = YES;
				CLANG_WARN_ENUM_CONVERSION = YES;
				CLANG_WARN_INFINITE_RECURSION = YES;
				CLANG_WARN_INT_CONVERSION = YES;
				CLANG_WARN_NON_LITERAL_NULL_CONVERSION = YES;
				CLANG_WARN_OBJC_LITERAL_CONVERSION = YES;
				CLANG_WARN_OBJC_ROOT_CLASS = YES_ERROR;
				CLANG_WARN_RANGE_LOOP_ANALYSIS = YES;
				CLANG_WARN_STRICT_PROTOTYPES = YES;
				CLANG_WARN_SUSPICIOUS_MOVE = YES;
				CLANG_WARN_UNGUARDED_AVAILABILITY = YES_AGGRESSIVE;
				CLANG_WARN_UNREACHABLE_CODE = YES;
				CLANG_WARN__DUPLICATE_METHOD_MATCH = YES;
				CODE_SIGN_IDENTITY = "iPhone Developer";
				COPY_PHASE_STRIP = NO;
				DEBUG_INFORMATION_FORMAT = "dwarf-with-dsym";
				ENABLE_NS_ASSERTIONS = NO;
				ENABLE_STRICT_OBJC_MSGSEND = YES;
				GCC_C_LANGUAGE_STANDARD = gnu11;
				GCC_NO_COMMON_BLOCKS = YES;
				GCC_WARN_64_TO_32_BIT_CONVERSION = YES;
				GCC_WARN_ABOUT_RETURN_TYPE = YES_ERROR;
				GCC_WARN_UNDECLARED_SELECTOR = YES;
				GCC_WARN_UNINITIALIZED_AUTOS = YES_AGGRESSIVE;
				GCC_WARN_UNUSED_FUNCTION = YES;
				GCC_WARN_UNUSED_VARIABLE = YES;
				IPHONEOS_DEPLOYMENT_TARGET = 11.2;
				MTL_ENABLE_DEBUG_INFO = NO;
				SDKROOT = iphoneos;
				SWIFT_OPTIMIZATION_LEVEL = "-Owholemodule";
				VALIDATE_PRODUCT = YES;
			};
			name = Release;
		};
		8898A8BD1FF0F6390046F034 /* Debug */ = {
			isa = XCBuildConfiguration;
			baseConfigurationReference = 52BE67A7F3EF5AB641E999E8 /* Pods-YoutubeVideo.debug.xcconfig */;
			buildSettings = {
				ASSETCATALOG_COMPILER_APPICON_NAME = AppIcon;
				CODE_SIGN_STYLE = Automatic;
				DEVELOPMENT_TEAM = ECST853AQ5;
				INFOPLIST_FILE = YoutubeVideo/Info.plist;
				IPHONEOS_DEPLOYMENT_TARGET = 9.0;
				LD_RUNPATH_SEARCH_PATHS = "$(inherited) @executable_path/Frameworks";
				PRODUCT_BUNDLE_IDENTIFIER = com.lactuan.YoutubeVideo;
				PRODUCT_NAME = "$(TARGET_NAME)";
				SWIFT_VERSION = 4.0;
				TARGETED_DEVICE_FAMILY = "1,2";
			};
			name = Debug;
		};
		8898A8BE1FF0F6390046F034 /* Release */ = {
			isa = XCBuildConfiguration;
			baseConfigurationReference = 3AED6C4FD596D641706A41BE /* Pods-YoutubeVideo.release.xcconfig */;
			buildSettings = {
				ASSETCATALOG_COMPILER_APPICON_NAME = AppIcon;
				CODE_SIGN_STYLE = Automatic;
				DEVELOPMENT_TEAM = ECST853AQ5;
				INFOPLIST_FILE = YoutubeVideo/Info.plist;
				IPHONEOS_DEPLOYMENT_TARGET = 9.0;
				LD_RUNPATH_SEARCH_PATHS = "$(inherited) @executable_path/Frameworks";
				PRODUCT_BUNDLE_IDENTIFIER = com.lactuan.YoutubeVideo;
				PRODUCT_NAME = "$(TARGET_NAME)";
				SWIFT_VERSION = 4.0;
				TARGETED_DEVICE_FAMILY = "1,2";
			};
			name = Release;
		};
/* End XCBuildConfiguration section */

/* Begin XCConfigurationList section */
		8898A8A51FF0F6390046F034 /* Build configuration list for PBXProject "YoutubeVideo" */ = {
			isa = XCConfigurationList;
			buildConfigurations = (
				8898A8BA1FF0F6390046F034 /* Debug */,
				8898A8BB1FF0F6390046F034 /* Release */,
			);
			defaultConfigurationIsVisible = 0;
			defaultConfigurationName = Release;
		};
		8898A8BC1FF0F6390046F034 /* Build configuration list for PBXNativeTarget "YoutubeVideo" */ = {
			isa = XCConfigurationList;
			buildConfigurations = (
				8898A8BD1FF0F6390046F034 /* Debug */,
				8898A8BE1FF0F6390046F034 /* Release */,
			);
			defaultConfigurationIsVisible = 0;
			defaultConfigurationName = Release;
		};
/* End XCConfigurationList section */
	};
	rootObject = 8898A8A21FF0F6390046F034 /* Project object */;
}
